
Microsoft Visual Studio Solution File, Format Version 12.00
Project("{FAE04EC0-301F-11D3-BF4B-00C04F79EFBC}") = "SkyPayment.API", "SkyPayment.API\SkyPayment.API.csproj", "{0772EC75-A27B-427D-878B-95833E9924CB}"
EndProject
Project("{FAE04EC0-301F-11D3-BF4B-00C04F79EFBC}") = "SkyPayment.Infrastructure", "SkyPayment.Infrastructure\SkyPayment.Infrastructure.csproj", "{179BA51E-5717-4A3E-84C1-223BFFA025F1}"
EndProject
Project("{FAE04EC0-301F-11D3-BF4B-00C04F79EFBC}") = "SkyPayment.Core", "SkyPayment.Core\SkyPayment.Core.csproj", "{83D9AEEC-4702-4124-B805-CF22CEFD8680}"
EndProject
Project("{FAE04EC0-301F-11D3-BF4B-00C04F79EFBC}") = "SkyPayment.Domain", "SkyPayment.Domain\SkyPayment.Domain.csproj", "{55E54C5D-ADC6-4515-A32E-E9DB676F60B7}"
EndProject
Project("{2150E333-8FDC-42A3-9474-1A3956D46DE8}") = "src", "src", "{46BA287E-2ED1-4798-A5DC-6FEE380CCDF5}"
EndProject
Project("{FAE04EC0-301F-11D3-BF4B-00C04F79EFBC}") = "SkyPayment.IdentityService", "SkyPayment.IdentityService\SkyPayment.IdentityService.csproj", "{13522F6B-3FC0-499E-8B07-D8171DAFC8D2}"
EndProject
Project("{2150E333-8FDC-42A3-9474-1A3956D46DE8}") = "services", "services", "{BFBCE184-DB15-4FE8-93BD-DE211343C263}"
EndProject
Global
	GlobalSection(SolutionConfigurationPlatforms) = preSolution
		Debug|Any CPU = Debug|Any CPU
		Release|Any CPU = Release|Any CPU
	EndGlobalSection
	GlobalSection(ProjectConfigurationPlatforms) = postSolution
		{0772EC75-A27B-427D-878B-95833E9924CB}.Debug|Any CPU.ActiveCfg = Debug|Any CPU
		{0772EC75-A27B-427D-878B-95833E9924CB}.Debug|Any CPU.Build.0 = Debug|Any CPU
		{0772EC75-A27B-427D-878B-95833E9924CB}.Release|Any CPU.ActiveCfg = Release|Any CPU
		{0772EC75-A27B-427D-878B-95833E9924CB}.Release|Any CPU.Build.0 = Release|Any CPU
		{179BA51E-5717-4A3E-84C1-223BFFA025F1}.Debug|Any CPU.ActiveCfg = Debug|Any CPU
		{179BA51E-5717-4A3E-84C1-223BFFA025F1}.Debug|Any CPU.Build.0 = Debug|Any CPU
		{179BA51E-5717-4A3E-84C1-223BFFA025F1}.Release|Any CPU.ActiveCfg = Release|Any CPU
		{179BA51E-5717-4A3E-84C1-223BFFA025F1}.Release|Any CPU.Build.0 = Release|Any CPU
		{83D9AEEC-4702-4124-B805-CF22CEFD8680}.Debug|Any CPU.ActiveCfg = Debug|Any CPU
		{83D9AEEC-4702-4124-B805-CF22CEFD8680}.Debug|Any CPU.Build.0 = Debug|Any CPU
		{83D9AEEC-4702-4124-B805-CF22CEFD8680}.Release|Any CPU.ActiveCfg = Release|Any CPU
		{83D9AEEC-4702-4124-B805-CF22CEFD8680}.Release|Any CPU.Build.0 = Release|Any CPU
		{55E54C5D-ADC6-4515-A32E-E9DB676F60B7}.Debug|Any CPU.ActiveCfg = Debug|Any CPU
		{55E54C5D-ADC6-4515-A32E-E9DB676F60B7}.Debug|Any CPU.Build.0 = Debug|Any CPU
		{55E54C5D-ADC6-4515-A32E-E9DB676F60B7}.Release|Any CPU.ActiveCfg = Release|Any CPU
		{55E54C5D-ADC6-4515-A32E-E9DB676F60B7}.Release|Any CPU.Build.0 = Release|Any CPU
		{13522F6B-3FC0-499E-8B07-D8171DAFC8D2}.Debug|Any CPU.ActiveCfg = Debug|Any CPU
		{13522F6B-3FC0-499E-8B07-D8171DAFC8D2}.Debug|Any CPU.Build.0 = Debug|Any CPU
		{13522F6B-3FC0-499E-8B07-D8171DAFC8D2}.Release|Any CPU.ActiveCfg = Release|Any CPU
		{13522F6B-3FC0-499E-8B07-D8171DAFC8D2}.Release|Any CPU.Build.0 = Release|Any CPU
	EndGlobalSection
	GlobalSection(NestedProjects) = preSolution
		{0772EC75-A27B-427D-878B-95833E9924CB} = {46BA287E-2ED1-4798-A5DC-6FEE380CCDF5}
		{83D9AEEC-4702-4124-B805-CF22CEFD8680} = {46BA287E-2ED1-4798-A5DC-6FEE380CCDF5}
		{55E54C5D-ADC6-4515-A32E-E9DB676F60B7} = {46BA287E-2ED1-4798-A5DC-6FEE380CCDF5}
		{179BA51E-5717-4A3E-84C1-223BFFA025F1} = {46BA287E-2ED1-4798-A5DC-6FEE380CCDF5}
		{BFBCE184-DB15-4FE8-93BD-DE211343C263} = {46BA287E-2ED1-4798-A5DC-6FEE380CCDF5}
		{13522F6B-3FC0-499E-8B07-D8171DAFC8D2} = {BFBCE184-DB15-4FE8-93BD-DE211343C263}
	EndGlobalSection
EndGlobal
